
Microsoft Visual Studio Solution File, Format Version 12.00
# Visual Studio Version 17
VisualStudioVersion = 17.9.34728.123
MinimumVisualStudioVersion = 10.0.40219.1
Project("{FAE04EC0-301F-11D3-BF4B-00C04F79EFBC}") = "Matriz_diagonal", "Matriz_diagonal\Matriz_diagonal.csproj", "{A6271F20-1DEA-42BB-8FE1-CE40E6DA1D37}"
EndProject
Global
	GlobalSection(SolutionConfigurationPlatforms) = preSolution
		Debug|Any CPU = Debug|Any CPU
		Release|Any CPU = Release|Any CPU
	EndGlobalSection
	GlobalSection(ProjectConfigurationPlatforms) = postSolution
		{A6271F20-1DEA-42BB-8FE1-CE40E6DA1D37}.Debug|Any CPU.ActiveCfg = Debug|Any CPU
		{A6271F20-1DEA-42BB-8FE1-CE40E6DA1D37}.Debug|Any CPU.Build.0 = Debug|Any CPU
		{A6271F20-1DEA-42BB-8FE1-CE40E6DA1D37}.Release|Any CPU.ActiveCfg = Release|Any CPU
		{A6271F20-1DEA-42BB-8FE1-CE40E6DA1D37}.Release|Any CPU.Build.0 = Release|Any CPU
	EndGlobalSection
	GlobalSection(SolutionProperties) = preSolution
		HideSolutionNode = FALSE
	EndGlobalSection
	GlobalSection(ExtensibilityGlobals) = postSolution
		SolutionGuid = {00A4544A-F4E8-4213-A746-F6A17970D592}
	EndGlobalSection
EndGlobal
